
Microsoft Visual Studio Solution File, Format Version 12.00
# Visual Studio 16
VisualStudioVersion = 16.4.5.0
MinimumVisualStudioVersion = 10.0.40219.1
Project("{FAE04EC0-301F-11D3-BF4B-00C04F79EFBC}") = "SampleProject", "SampleProject\SampleProject\SampleProject.csproj", "{4848AA57-D6CE-4995-9FE8-4E2F069C2750}"
EndProject
Project("{2150E333-8FDC-42A3-9474-1A3956D46DE8}") = "Tests", "Tests", "{D130B300-11EB-4656-BF6F-5AC002EF0B1A}"
EndProject
Project("{FAE04EC0-301F-11D3-BF4B-00C04F79EFBC}") = "SampleProject.UnitTests", "SampleProject\SampleProject.UnitTests\SampleProject.UnitTests.csproj", "{EACFCC7C-2AA6-4D95-B1EB-83BC4F6861EC}"
EndProject
Project("{FAE04EC0-301F-11D3-BF4B-00C04F79EFBC}") = "CSharpMethods", "..\Tests\PackageMethods\CSharpMethods\CSharpMethods.csproj", "{0C749290-67C2-48A6-86D6-F572889CC3F5}"
EndProject
Project("{FAE04EC0-301F-11D3-BF4B-00C04F79EFBC}") = "CSharpMethods.UnitTests", "..\Tests\PackageMethods\CSharpMethods.UnitTests\CSharpMethods.UnitTests.csproj", "{420FC26B-E684-47FA-97D0-20B8E513325B}"
EndProject
Project("{FAE04EC0-301F-11D3-BF4B-00C04F79EFBC}") = "IntegrationTests", "..\Tests\IntegrationTests\IntegrationTests.csproj", "{2FADF9CF-3D2F-4813-BF76-496B677A84D9}"
EndProject
Project("{FAE04EC0-301F-11D3-BF4B-00C04F79EFBC}") = "Aras.Common", "Aras.Common\Aras.Common.csproj", "{5D84D8E7-A04F-44FD-B95C-5A1A76B012B7}"
EndProject
Project("{FAE04EC0-301F-11D3-BF4B-00C04F79EFBC}") = "Aras.TAF.ArasInnovator12.Customization", "..\Tests\UITests\Aras.TAF.ArasInnovator12.Customization\Aras.TAF.ArasInnovator12.Customization.csproj", "{5BAD4527-85A4-4490-B17A-DBFB57EC2D3A}"
EndProject
Project("{FAE04EC0-301F-11D3-BF4B-00C04F79EFBC}") = "Aras.TAF.ArasInnovator12.Tests", "..\Tests\UITests\Aras.TAF.ArasInnovator12.Tests\Aras.TAF.ArasInnovator12.Tests.csproj", "{78621101-0CF5-41ED-BACF-445999FD0419}"
EndProject
Project("{FAE04EC0-301F-11D3-BF4B-00C04F79EFBC}") = "Aras.Deployment.Tool.ES.Plugin", "Aras.Deployment.Tool.Plugins\Aras.Deployment.Tool.ES.Plugin\Aras.Deployment.Tool.ES.Plugin.csproj", "{B646EB98-AD93-43DF-ACA2-AF9CEBB7E987}"
EndProject
Project("{FAE04EC0-301F-11D3-BF4B-00C04F79EFBC}") = "SAPTransfer", "SAPTransfer\SAPTransfer.csproj", "{DC811E97-F445-4E1F-A787-82C221D0EEF1}"
EndProject
Project("{FAE04EC0-301F-11D3-BF4B-00C04F79EFBC}") = "sapnco_fake", "sapnco_fake\sapnco_fake.csproj", "{C487B872-5ACA-4339-95BC-1B77492A7351}"
EndProject
Global
	GlobalSection(SolutionConfigurationPlatforms) = preSolution
		Debug|Any CPU = Debug|Any CPU
		Release|Any CPU = Release|Any CPU
	EndGlobalSection
	GlobalSection(ProjectConfigurationPlatforms) = postSolution
		{4848AA57-D6CE-4995-9FE8-4E2F069C2750}.Debug|Any CPU.ActiveCfg = Debug|Any CPU
		{4848AA57-D6CE-4995-9FE8-4E2F069C2750}.Debug|Any CPU.Build.0 = Debug|Any CPU
		{4848AA57-D6CE-4995-9FE8-4E2F069C2750}.Release|Any CPU.ActiveCfg = Release|Any CPU
		{4848AA57-D6CE-4995-9FE8-4E2F069C2750}.Release|Any CPU.Build.0 = Release|Any CPU
		{EACFCC7C-2AA6-4D95-B1EB-83BC4F6861EC}.Debug|Any CPU.ActiveCfg = Debug|Any CPU
		{EACFCC7C-2AA6-4D95-B1EB-83BC4F6861EC}.Debug|Any CPU.Build.0 = Debug|Any CPU
		{EACFCC7C-2AA6-4D95-B1EB-83BC4F6861EC}.Release|Any CPU.ActiveCfg = Release|Any CPU
		{EACFCC7C-2AA6-4D95-B1EB-83BC4F6861EC}.Release|Any CPU.Build.0 = Release|Any CPU
		{0C749290-67C2-48A6-86D6-F572889CC3F5}.Debug|Any CPU.ActiveCfg = Debug|Any CPU
		{0C749290-67C2-48A6-86D6-F572889CC3F5}.Debug|Any CPU.Build.0 = Debug|Any CPU
		{0C749290-67C2-48A6-86D6-F572889CC3F5}.Release|Any CPU.ActiveCfg = Release|Any CPU
		{0C749290-67C2-48A6-86D6-F572889CC3F5}.Release|Any CPU.Build.0 = Release|Any CPU
		{420FC26B-E684-47FA-97D0-20B8E513325B}.Debug|Any CPU.ActiveCfg = Debug|Any CPU
		{420FC26B-E684-47FA-97D0-20B8E513325B}.Debug|Any CPU.Build.0 = Debug|Any CPU
		{420FC26B-E684-47FA-97D0-20B8E513325B}.Release|Any CPU.ActiveCfg = Release|Any CPU
		{420FC26B-E684-47FA-97D0-20B8E513325B}.Release|Any CPU.Build.0 = Release|Any CPU
		{2FADF9CF-3D2F-4813-BF76-496B677A84D9}.Debug|Any CPU.ActiveCfg = Debug|Any CPU
		{2FADF9CF-3D2F-4813-BF76-496B677A84D9}.Debug|Any CPU.Build.0 = Debug|Any CPU
		{2FADF9CF-3D2F-4813-BF76-496B677A84D9}.Release|Any CPU.ActiveCfg = Release|Any CPU
		{2FADF9CF-3D2F-4813-BF76-496B677A84D9}.Release|Any CPU.Build.0 = Release|Any CPU
		{5D84D8E7-A04F-44FD-B95C-5A1A76B012B7}.Debug|Any CPU.ActiveCfg = Debug|Any CPU
		{5D84D8E7-A04F-44FD-B95C-5A1A76B012B7}.Debug|Any CPU.Build.0 = Debug|Any CPU
		{5D84D8E7-A04F-44FD-B95C-5A1A76B012B7}.Release|Any CPU.ActiveCfg = Release|Any CPU
		{5D84D8E7-A04F-44FD-B95C-5A1A76B012B7}.Release|Any CPU.Build.0 = Release|Any CPU
		{5BAD4527-85A4-4490-B17A-DBFB57EC2D3A}.Debug|Any CPU.ActiveCfg = Debug|Any CPU
		{5BAD4527-85A4-4490-B17A-DBFB57EC2D3A}.Debug|Any CPU.Build.0 = Debug|Any CPU
		{5BAD4527-85A4-4490-B17A-DBFB57EC2D3A}.Release|Any CPU.ActiveCfg = Release|Any CPU
		{5BAD4527-85A4-4490-B17A-DBFB57EC2D3A}.Release|Any CPU.Build.0 = Release|Any CPU
		{78621101-0CF5-41ED-BACF-445999FD0419}.Debug|Any CPU.ActiveCfg = Debug|Any CPU
		{78621101-0CF5-41ED-BACF-445999FD0419}.Debug|Any CPU.Build.0 = Debug|Any CPU
		{78621101-0CF5-41ED-BACF-445999FD0419}.Release|Any CPU.ActiveCfg = Release|Any CPU
		{78621101-0CF5-41ED-BACF-445999FD0419}.Release|Any CPU.Build.0 = Release|Any CPU
		{B646EB98-AD93-43DF-ACA2-AF9CEBB7E987}.Debug|Any CPU.ActiveCfg = Debug|Any CPU
		{B646EB98-AD93-43DF-ACA2-AF9CEBB7E987}.Debug|Any CPU.Build.0 = Debug|Any CPU
		{B646EB98-AD93-43DF-ACA2-AF9CEBB7E987}.Release|Any CPU.ActiveCfg = Release|Any CPU
		{B646EB98-AD93-43DF-ACA2-AF9CEBB7E987}.Release|Any CPU.Build.0 = Release|Any CPU
		{DC811E97-F445-4E1F-A787-82C221D0EEF1}.Debug|Any CPU.ActiveCfg = Debug|Any CPU
		{DC811E97-F445-4E1F-A787-82C221D0EEF1}.Debug|Any CPU.Build.0 = Debug|Any CPU
		{DC811E97-F445-4E1F-A787-82C221D0EEF1}.Release|Any CPU.ActiveCfg = Release|Any CPU
		{DC811E97-F445-4E1F-A787-82C221D0EEF1}.Release|Any CPU.Build.0 = Release|Any CPU
		{C487B872-5ACA-4339-95BC-1B77492A7351}.Debug|Any CPU.ActiveCfg = Debug|Any CPU
		{C487B872-5ACA-4339-95BC-1B77492A7351}.Debug|Any CPU.Build.0 = Debug|Any CPU
		{C487B872-5ACA-4339-95BC-1B77492A7351}.Release|Any CPU.ActiveCfg = Release|Any CPU
		{C487B872-5ACA-4339-95BC-1B77492A7351}.Release|Any CPU.Build.0 = Release|Any CPU
	EndGlobalSection
	GlobalSection(SolutionProperties) = preSolution
		HideSolutionNode = FALSE
	EndGlobalSection
	GlobalSection(NestedProjects) = preSolution
		{EACFCC7C-2AA6-4D95-B1EB-83BC4F6861EC} = {D130B300-11EB-4656-BF6F-5AC002EF0B1A}
		{0C749290-67C2-48A6-86D6-F572889CC3F5} = {D130B300-11EB-4656-BF6F-5AC002EF0B1A}
		{420FC26B-E684-47FA-97D0-20B8E513325B} = {D130B300-11EB-4656-BF6F-5AC002EF0B1A}
		{2FADF9CF-3D2F-4813-BF76-496B677A84D9} = {D130B300-11EB-4656-BF6F-5AC002EF0B1A}
		{5BAD4527-85A4-4490-B17A-DBFB57EC2D3A} = {D130B300-11EB-4656-BF6F-5AC002EF0B1A}
		{78621101-0CF5-41ED-BACF-445999FD0419} = {D130B300-11EB-4656-BF6F-5AC002EF0B1A}
	EndGlobalSection
	GlobalSection(ExtensibilityGlobals) = postSolution
		SolutionGuid = {277D5F65-251D-421A-BA74-9E9AD346E548}
	EndGlobalSection
EndGlobal
